// !$*UTF8*$!
{
	archiveVersion = 1;
	classes = {
	};
	objectVersion = 56;
	objects = {

/* Begin PBXBuildFile section */
		B38C4F312C4D23F500B1B94A /* Slot_MachineApp.swift in Sources */ = {isa = PBXBuildFile; fileRef = B38C4F302C4D23F500B1B94A /* Slot_MachineApp.swift */; };
		B38C4F332C4D23F500B1B94A /* ContentView.swift in Sources */ = {isa = PBXBuildFile; fileRef = B38C4F322C4D23F500B1B94A /* ContentView.swift */; };
		B38C4F352C4D23F600B1B94A /* Assets.xcassets in Resources */ = {isa = PBXBuildFile; fileRef = B38C4F342C4D23F600B1B94A /* Assets.xcassets */; };
		B38C4F382C4D23F600B1B94A /* Preview Assets.xcassets in Resources */ = {isa = PBXBuildFile; fileRef = B38C4F372C4D23F600B1B94A /* Preview Assets.xcassets */; };
		B38C4F492C4D247400B1B94A /* win.mp3 in Resources */ = {isa = PBXBuildFile; fileRef = B38C4F412C4D247400B1B94A /* win.mp3 */; };
		B38C4F4A2C4D247400B1B94A /* spin.mp3 in Resources */ = {isa = PBXBuildFile; fileRef = B38C4F422C4D247400B1B94A /* spin.mp3 */; };
		B38C4F4B2C4D247400B1B94A /* casino-chips.mp3 in Resources */ = {isa = PBXBuildFile; fileRef = B38C4F432C4D247400B1B94A /* casino-chips.mp3 */; };
		B38C4F4C2C4D247400B1B94A /* high-score.mp3 in Resources */ = {isa = PBXBuildFile; fileRef = B38C4F442C4D247400B1B94A /* high-score.mp3 */; };
		B38C4F4D2C4D247400B1B94A /* chimeup.mp3 in Resources */ = {isa = PBXBuildFile; fileRef = B38C4F452C4D247400B1B94A /* chimeup.mp3 */; };
		B38C4F4E2C4D247400B1B94A /* background-music.mp3 in Resources */ = {isa = PBXBuildFile; fileRef = B38C4F462C4D247400B1B94A /* background-music.mp3 */; };
		B38C4F4F2C4D247400B1B94A /* game-over.mp3 in Resources */ = {isa = PBXBuildFile; fileRef = B38C4F472C4D247400B1B94A /* game-over.mp3 */; };
		B38C4F502C4D247400B1B94A /* riseup.mp3 in Resources */ = {isa = PBXBuildFile; fileRef = B38C4F482C4D247400B1B94A /* riseup.mp3 */; };
		B38C4F522C4D25A800B1B94A /* LogoView.swift in Sources */ = {isa = PBXBuildFile; fileRef = B38C4F512C4D25A800B1B94A /* LogoView.swift */; };
		B38C4F542C4D265700B1B94A /* Modifiers.swift in Sources */ = {isa = PBXBuildFile; fileRef = B38C4F532C4D265700B1B94A /* Modifiers.swift */; };
		B38C4F562C4D2C5900B1B94A /* Extensions.swift in Sources */ = {isa = PBXBuildFile; fileRef = B38C4F552C4D2C5900B1B94A /* Extensions.swift */; };
		B38C4F582C4D347000B1B94A /* ReelView.swift in Sources */ = {isa = PBXBuildFile; fileRef = B38C4F572C4D347000B1B94A /* ReelView.swift */; };
		B38C4F5A2C4D39B400B1B94A /* BetButtonView.swift in Sources */ = {isa = PBXBuildFile; fileRef = B38C4F592C4D39B400B1B94A /* BetButtonView.swift */; };
		B38C4F5C2C4D3D8C00B1B94A /* InfoView.swift in Sources */ = {isa = PBXBuildFile; fileRef = B38C4F5B2C4D3D8C00B1B94A /* InfoView.swift */; };
		B38C4F5E2C4D4A8F00B1B94A /* GameLogic.swift in Sources */ = {isa = PBXBuildFile; fileRef = B38C4F5D2C4D4A8F00B1B94A /* GameLogic.swift */; };
		B3EEB07A2C4EAFB700F56A57 /* NewGamePopupView.swift in Sources */ = {isa = PBXBuildFile; fileRef = B3EEB0792C4EAFB700F56A57 /* NewGamePopupView.swift */; };
/* End PBXBuildFile section */

/* Begin PBXFileReference section */
		B38C4F2D2C4D23F500B1B94A /* Slot Machine.app */ = {isa = PBXFileReference; explicitFileType = wrapper.application; includeInIndex = 0; path = "Slot Machine.app"; sourceTree = BUILT_PRODUCTS_DIR; };
		B38C4F302C4D23F500B1B94A /* Slot_MachineApp.swift */ = {isa = PBXFileReference; lastKnownFileType = sourcecode.swift; path = Slot_MachineApp.swift; sourceTree = "<group>"; };
		B38C4F322C4D23F500B1B94A /* ContentView.swift */ = {isa = PBXFileReference; lastKnownFileType = sourcecode.swift; path = ContentView.swift; sourceTree = "<group>"; };
		B38C4F342C4D23F600B1B94A /* Assets.xcassets */ = {isa = PBXFileReference; lastKnownFileType = folder.assetcatalog; path = Assets.xcassets; sourceTree = "<group>"; };
		B38C4F372C4D23F600B1B94A /* Preview Assets.xcassets */ = {isa = PBXFileReference; lastKnownFileType = folder.assetcatalog; path = "Preview Assets.xcassets"; sourceTree = "<group>"; };
		B38C4F412C4D247400B1B94A /* win.mp3 */ = {isa = PBXFileReference; lastKnownFileType = audio.mp3; path = win.mp3; sourceTree = "<group>"; };
		B38C4F422C4D247400B1B94A /* spin.mp3 */ = {isa = PBXFileReference; lastKnownFileType = audio.mp3; path = spin.mp3; sourceTree = "<group>"; };
		B38C4F432C4D247400B1B94A /* casino-chips.mp3 */ = {isa = PBXFileReference; lastKnownFileType = audio.mp3; path = "casino-chips.mp3"; sourceTree = "<group>"; };
		B38C4F442C4D247400B1B94A /* high-score.mp3 */ = {isa = PBXFileReference; lastKnownFileType = audio.mp3; path = "high-score.mp3"; sourceTree = "<group>"; };
		B38C4F452C4D247400B1B94A /* chimeup.mp3 */ = {isa = PBXFileReference; lastKnownFileType = audio.mp3; path = chimeup.mp3; sourceTree = "<group>"; };
		B38C4F462C4D247400B1B94A /* background-music.mp3 */ = {isa = PBXFileReference; lastKnownFileType = audio.mp3; path = "background-music.mp3"; sourceTree = "<group>"; };
		B38C4F472C4D247400B1B94A /* game-over.mp3 */ = {isa = PBXFileReference; lastKnownFileType = audio.mp3; path = "game-over.mp3"; sourceTree = "<group>"; };
		B38C4F482C4D247400B1B94A /* riseup.mp3 */ = {isa = PBXFileReference; lastKnownFileType = audio.mp3; path = riseup.mp3; sourceTree = "<group>"; };
		B38C4F512C4D25A800B1B94A /* LogoView.swift */ = {isa = PBXFileReference; lastKnownFileType = sourcecode.swift; path = LogoView.swift; sourceTree = "<group>"; };
		B38C4F532C4D265700B1B94A /* Modifiers.swift */ = {isa = PBXFileReference; lastKnownFileType = sourcecode.swift; path = Modifiers.swift; sourceTree = "<group>"; };
		B38C4F552C4D2C5900B1B94A /* Extensions.swift */ = {isa = PBXFileReference; lastKnownFileType = sourcecode.swift; path = Extensions.swift; sourceTree = "<group>"; };
		B38C4F572C4D347000B1B94A /* ReelView.swift */ = {isa = PBXFileReference; lastKnownFileType = sourcecode.swift; path = ReelView.swift; sourceTree = "<group>"; };
		B38C4F592C4D39B400B1B94A /* BetButtonView.swift */ = {isa = PBXFileReference; lastKnownFileType = sourcecode.swift; path = BetButtonView.swift; sourceTree = "<group>"; };
		B38C4F5B2C4D3D8C00B1B94A /* InfoView.swift */ = {isa = PBXFileReference; lastKnownFileType = sourcecode.swift; path = InfoView.swift; sourceTree = "<group>"; };
		B38C4F5D2C4D4A8F00B1B94A /* GameLogic.swift */ = {isa = PBXFileReference; lastKnownFileType = sourcecode.swift; path = GameLogic.swift; sourceTree = "<group>"; };
		B3EEB0792C4EAFB700F56A57 /* NewGamePopupView.swift */ = {isa = PBXFileReference; lastKnownFileType = sourcecode.swift; path = NewGamePopupView.swift; sourceTree = "<group>"; };
/* End PBXFileReference section */

/* Begin PBXFrameworksBuildPhase section */
		B38C4F2A2C4D23F500B1B94A /* Frameworks */ = {
			isa = PBXFrameworksBuildPhase;
			buildActionMask = 2147483647;
			files = (
			);
			runOnlyForDeploymentPostprocessing = 0;
		};
/* End PBXFrameworksBuildPhase section */

/* Begin PBXGroup section */
		B38C4F242C4D23F500B1B94A = {
			isa = PBXGroup;
			children = (
				B38C4F2F2C4D23F500B1B94A /* Slot Machine */,
				B38C4F2E2C4D23F500B1B94A /* Products */,
			);
			sourceTree = "<group>";
		};
		B38C4F2E2C4D23F500B1B94A /* Products */ = {
			isa = PBXGroup;
			children = (
				B38C4F2D2C4D23F500B1B94A /* Slot Machine.app */,
			);
			name = Products;
			sourceTree = "<group>";
		};
		B38C4F2F2C4D23F500B1B94A /* Slot Machine */ = {
			isa = PBXGroup;
			children = (
				B38C4F3E2C4D243000B1B94A /* Views */,
				B38C4F3F2C4D244400B1B94A /* Helpers */,
				B38C4F402C4D245500B1B94A /* Sounds */,
				B38C4F302C4D23F500B1B94A /* Slot_MachineApp.swift */,
				B38C4F342C4D23F600B1B94A /* Assets.xcassets */,
				B38C4F362C4D23F600B1B94A /* Preview Content */,
			);
			path = "Slot Machine";
			sourceTree = "<group>";
		};
		B38C4F362C4D23F600B1B94A /* Preview Content */ = {
			isa = PBXGroup;
			children = (
				B38C4F372C4D23F600B1B94A /* Preview Assets.xcassets */,
			);
			path = "Preview Content";
			sourceTree = "<group>";
		};
		B38C4F3E2C4D243000B1B94A /* Views */ = {
			isa = PBXGroup;
			children = (
				B38C4F322C4D23F500B1B94A /* ContentView.swift */,
				B38C4F512C4D25A800B1B94A /* LogoView.swift */,
				B38C4F572C4D347000B1B94A /* ReelView.swift */,
				B38C4F592C4D39B400B1B94A /* BetButtonView.swift */,
				B38C4F5B2C4D3D8C00B1B94A /* InfoView.swift */,
				B38C4F5D2C4D4A8F00B1B94A /* GameLogic.swift */,
				B3EEB0792C4EAFB700F56A57 /* NewGamePopupView.swift */,
			);
			path = Views;
			sourceTree = "<group>";
		};
		B38C4F3F2C4D244400B1B94A /* Helpers */ = {
			isa = PBXGroup;
			children = (
				B38C4F532C4D265700B1B94A /* Modifiers.swift */,
				B38C4F552C4D2C5900B1B94A /* Extensions.swift */,
			);
			path = Helpers;
			sourceTree = "<group>";
		};
		B38C4F402C4D245500B1B94A /* Sounds */ = {
			isa = PBXGroup;
			children = (
				B38C4F462C4D247400B1B94A /* background-music.mp3 */,
				B38C4F432C4D247400B1B94A /* casino-chips.mp3 */,
				B38C4F452C4D247400B1B94A /* chimeup.mp3 */,
				B38C4F472C4D247400B1B94A /* game-over.mp3 */,
				B38C4F442C4D247400B1B94A /* high-score.mp3 */,
				B38C4F482C4D247400B1B94A /* riseup.mp3 */,
				B38C4F422C4D247400B1B94A /* spin.mp3 */,
				B38C4F412C4D247400B1B94A /* win.mp3 */,
			);
			path = Sounds;
			sourceTree = "<group>";
		};
/* End PBXGroup section */

/* Begin PBXNativeTarget section */
		B38C4F2C2C4D23F500B1B94A /* Slot Machine */ = {
			isa = PBXNativeTarget;
			buildConfigurationList = B38C4F3B2C4D23F600B1B94A /* Build configuration list for PBXNativeTarget "Slot Machine" */;
			buildPhases = (
				B38C4F292C4D23F500B1B94A /* Sources */,
				B38C4F2A2C4D23F500B1B94A /* Frameworks */,
				B38C4F2B2C4D23F500B1B94A /* Resources */,
			);
			buildRules = (
			);
			dependencies = (
			);
			name = "Slot Machine";
			productName = "Slot Machine";
			productReference = B38C4F2D2C4D23F500B1B94A /* Slot Machine.app */;
			productType = "com.apple.product-type.application";
		};
/* End PBXNativeTarget section */

/* Begin PBXProject section */
		B38C4F252C4D23F500B1B94A /* Project object */ = {
			isa = PBXProject;
			attributes = {
				BuildIndependentTargetsInParallel = 1;
				LastSwiftUpdateCheck = 1540;
				LastUpgradeCheck = 1540;
				TargetAttributes = {
					B38C4F2C2C4D23F500B1B94A = {
						CreatedOnToolsVersion = 15.4;
					};
				};
			};
			buildConfigurationList = B38C4F282C4D23F500B1B94A /* Build configuration list for PBXProject "Slot Machine" */;
			compatibilityVersion = "Xcode 14.0";
			developmentRegion = en;
			hasScannedForEncodings = 0;
			knownRegions = (
				en,
				Base,
			);
			mainGroup = B38C4F242C4D23F500B1B94A;
			productRefGroup = B38C4F2E2C4D23F500B1B94A /* Products */;
			projectDirPath = "";
			projectRoot = "";
			targets = (
				B38C4F2C2C4D23F500B1B94A /* Slot Machine */,
			);
		};
/* End PBXProject section */

/* Begin PBXResourcesBuildPhase section */
		B38C4F2B2C4D23F500B1B94A /* Resources */ = {
			isa = PBXResourcesBuildPhase;
			buildActionMask = 2147483647;
			files = (
				B38C4F4E2C4D247400B1B94A /* background-music.mp3 in Resources */,
				B38C4F4A2C4D247400B1B94A /* spin.mp3 in Resources */,
				B38C4F492C4D247400B1B94A /* win.mp3 in Resources */,
				B38C4F4D2C4D247400B1B94A /* chimeup.mp3 in Resources */,
				B38C4F4F2C4D247400B1B94A /* game-over.mp3 in Resources */,
				B38C4F382C4D23F600B1B94A /* Preview Assets.xcassets in Resources */,
				B38C4F352C4D23F600B1B94A /* Assets.xcassets in Resources */,
				B38C4F4B2C4D247400B1B94A /* casino-chips.mp3 in Resources */,
				B38C4F502C4D247400B1B94A /* riseup.mp3 in Resources */,
				B38C4F4C2C4D247400B1B94A /* high-score.mp3 in Resources */,
			);
			runOnlyForDeploymentPostprocessing = 0;
		};
/* End PBXResourcesBuildPhase section */

/* Begin PBXSourcesBuildPhase section */
		B38C4F292C4D23F500B1B94A /* Sources */ = {
			isa = PBXSourcesBuildPhase;
			buildActionMask = 2147483647;
			files = (
				B38C4F5C2C4D3D8C00B1B94A /* InfoView.swift in Sources */,
				B38C4F582C4D347000B1B94A /* ReelView.swift in Sources */,
				B38C4F562C4D2C5900B1B94A /* Extensions.swift in Sources */,
				B38C4F5E2C4D4A8F00B1B94A /* GameLogic.swift in Sources */,
				B38C4F542C4D265700B1B94A /* Modifiers.swift in Sources */,
				B38C4F332C4D23F500B1B94A /* ContentView.swift in Sources */,
				B3EEB07A2C4EAFB700F56A57 /* NewGamePopupView.swift in Sources */,
				B38C4F522C4D25A800B1B94A /* LogoView.swift in Sources */,
				B38C4F5A2C4D39B400B1B94A /* BetButtonView.swift in Sources */,
				B38C4F312C4D23F500B1B94A /* Slot_MachineApp.swift in Sources */,
			);
			runOnlyForDeploymentPostprocessing = 0;
		};
/* End PBXSourcesBuildPhase section */

/* Begin XCBuildConfiguration section */
		B38C4F392C4D23F600B1B94A /* Debug */ = {
			isa = XCBuildConfiguration;
			buildSettings = {
				ALWAYS_SEARCH_USER_PATHS = NO;
				ASSETCATALOG_COMPILER_GENERATE_SWIFT_ASSET_SYMBOL_EXTENSIONS = YES;
				CLANG_ANALYZER_NONNULL = YES;
				CLANG_ANALYZER_NUMBER_OBJECT_CONVERSION = YES_AGGRESSIVE;
				CLANG_CXX_LANGUAGE_STANDARD = "gnu++20";
				CLANG_ENABLE_MODULES = YES;
				CLANG_ENABLE_OBJC_ARC = YES;
				CLANG_ENABLE_OBJC_WEAK = YES;
				CLANG_WARN_BLOCK_CAPTURE_AUTORELEASING = YES;
				CLANG_WARN_BOOL_CONVERSION = YES;
				CLANG_WARN_COMMA = YES;
				CLANG_WARN_CONSTANT_CONVERSION = YES;
				CLANG_WARN_DEPRECATED_OBJC_IMPLEMENTATIONS = YES;
				CLANG_WARN_DIRECT_OBJC_ISA_USAGE = YES_ERROR;
				CLANG_WARN_DOCUMENTATION_COMMENTS = YES;
				CLANG_WARN_EMPTY_BODY = YES;
				CLANG_WARN_ENUM_CONVERSION = YES;
				CLANG_WARN_INFINITE_RECURSION = YES;
				CLANG_WARN_INT_CONVERSION = YES;
				CLANG_WARN_NON_LITERAL_NULL_CONVERSION = YES;
				CLANG_WARN_OBJC_IMPLICIT_RETAIN_SELF = YES;
				CLANG_WARN_OBJC_LITERAL_CONVERSION = YES;
				CLANG_WARN_OBJC_ROOT_CLASS = YES_ERROR;
				CLANG_WARN_QUOTED_INCLUDE_IN_FRAMEWORK_HEADER = YES;
				CLANG_WARN_RANGE_LOOP_ANALYSIS = YES;
				CLANG_WARN_STRICT_PROTOTYPES = YES;
				CLANG_WARN_SUSPICIOUS_MOVE = YES;
				CLANG_WARN_UNGUARDED_AVAILABILITY = YES_AGGRESSIVE;
				CLANG_WARN_UNREACHABLE_CODE = YES;
				CLANG_WARN__DUPLICATE_METHOD_MATCH = YES;
				COPY_PHASE_STRIP = NO;
				DEBUG_INFORMATION_FORMAT = dwarf;
				ENABLE_STRICT_OBJC_MSGSEND = YES;
				ENABLE_TESTABILITY = YES;
				ENABLE_USER_SCRIPT_SANDBOXING = YES;
				GCC_C_LANGUAGE_STANDARD = gnu17;
				GCC_DYNAMIC_NO_PIC = NO;
				GCC_NO_COMMON_BLOCKS = YES;
				GCC_OPTIMIZATION_LEVEL = 0;
				GCC_PREPROCESSOR_DEFINITIONS = (
					"DEBUG=1",
					"$(inherited)",
				);
				GCC_WARN_64_TO_32_BIT_CONVERSION = YES;
				GCC_WARN_ABOUT_RETURN_TYPE = YES_ERROR;
				GCC_WARN_UNDECLARED_SELECTOR = YES;
				GCC_WARN_UNINITIALIZED_AUTOS = YES_AGGRESSIVE;
				GCC_WARN_UNUSED_FUNCTION = YES;
				GCC_WARN_UNUSED_VARIABLE = YES;
				IPHONEOS_DEPLOYMENT_TARGET = 17.5;
				LOCALIZATION_PREFERS_STRING_CATALOGS = YES;
				MTL_ENABLE_DEBUG_INFO = INCLUDE_SOURCE;
				MTL_FAST_MATH = YES;
				ONLY_ACTIVE_ARCH = YES;
				SDKROOT = iphoneos;
				SWIFT_ACTIVE_COMPILATION_CONDITIONS = "DEBUG $(inherited)";
				SWIFT_OPTIMIZATION_LEVEL = "-Onone";
			};
			name = Debug;
		};
		B38C4F3A2C4D23F600B1B94A /* Release */ = {
			isa = XCBuildConfiguration;
			buildSettings = {
				ALWAYS_SEARCH_USER_PATHS = NO;
				ASSETCATALOG_COMPILER_GENERATE_SWIFT_ASSET_SYMBOL_EXTENSIONS = YES;
				CLANG_ANALYZER_NONNULL = YES;
				CLANG_ANALYZER_NUMBER_OBJECT_CONVERSION = YES_AGGRESSIVE;
				CLANG_CXX_LANGUAGE_STANDARD = "gnu++20";
				CLANG_ENABLE_MODULES = YES;
				CLANG_ENABLE_OBJC_ARC = YES;
				CLANG_ENABLE_OBJC_WEAK = YES;
				CLANG_WARN_BLOCK_CAPTURE_AUTORELEASING = YES;
				CLANG_WARN_BOOL_CONVERSION = YES;
				CLANG_WARN_COMMA = YES;
				CLANG_WARN_CONSTANT_CONVERSION = YES;
				CLANG_WARN_DEPRECATED_OBJC_IMPLEMENTATIONS = YES;
				CLANG_WARN_DIRECT_OBJC_ISA_USAGE = YES_ERROR;
				CLANG_WARN_DOCUMENTATION_COMMENTS = YES;
				CLANG_WARN_EMPTY_BODY = YES;
				CLANG_WARN_ENUM_CONVERSION = YES;
				CLANG_WARN_INFINITE_RECURSION = YES;
				CLANG_WARN_INT_CONVERSION = YES;
				CLANG_WARN_NON_LITERAL_NULL_CONVERSION = YES;
				CLANG_WARN_OBJC_IMPLICIT_RETAIN_SELF = YES;
				CLANG_WARN_OBJC_LITERAL_CONVERSION = YES;
				CLANG_WARN_OBJC_ROOT_CLASS = YES_ERROR;
				CLANG_WARN_QUOTED_INCLUDE_IN_FRAMEWORK_HEADER = YES;
				CLANG_WARN_RANGE_LOOP_ANALYSIS = YES;
				CLANG_WARN_STRICT_PROTOTYPES = YES;
				CLANG_WARN_SUSPICIOUS_MOVE = YES;
				CLANG_WARN_UNGUARDED_AVAILABILITY = YES_AGGRESSIVE;
				CLANG_WARN_UNREACHABLE_CODE = YES;
				CLANG_WARN__DUPLICATE_METHOD_MATCH = YES;
				COPY_PHASE_STRIP = NO;
				DEBUG_INFORMATION_FORMAT = "dwarf-with-dsym";
				ENABLE_NS_ASSERTIONS = NO;
				ENABLE_STRICT_OBJC_MSGSEND = YES;
				ENABLE_USER_SCRIPT_SANDBOXING = YES;
				GCC_C_LANGUAGE_STANDARD = gnu17;
				GCC_NO_COMMON_BLOCKS = YES;
				GCC_WARN_64_TO_32_BIT_CONVERSION = YES;
				GCC_WARN_ABOUT_RETURN_TYPE = YES_ERROR;
				GCC_WARN_UNDECLARED_SELECTOR = YES;
				GCC_WARN_UNINITIALIZED_AUTOS = YES_AGGRESSIVE;
				GCC_WARN_UNUSED_FUNCTION = YES;
				GCC_WARN_UNUSED_VARIABLE = YES;
				IPHONEOS_DEPLOYMENT_TARGET = 17.5;
				LOCALIZATION_PREFERS_STRING_CATALOGS = YES;
				MTL_ENABLE_DEBUG_INFO = NO;
				MTL_FAST_MATH = YES;
				SDKROOT = iphoneos;
				SWIFT_COMPILATION_MODE = wholemodule;
				VALIDATE_PRODUCT = YES;
			};
			name = Release;
		};
		B38C4F3C2C4D23F600B1B94A /* Debug */ = {
			isa = XCBuildConfiguration;
			buildSettings = {
				ASSETCATALOG_COMPILER_APPICON_NAME = AppIcon;
				ASSETCATALOG_COMPILER_GLOBAL_ACCENT_COLOR_NAME = AccentColor;
				CODE_SIGN_STYLE = Automatic;
				CURRENT_PROJECT_VERSION = 1;
				DEVELOPMENT_ASSET_PATHS = "\"Slot Machine/Preview Content\"";
				DEVELOPMENT_TEAM = 9M2847JBF8;
				ENABLE_PREVIEWS = YES;
				GENERATE_INFOPLIST_FILE = YES;
				INFOPLIST_KEY_UIApplicationSceneManifest_Generation = YES;
				INFOPLIST_KEY_UIApplicationSupportsIndirectInputEvents = YES;
				INFOPLIST_KEY_UILaunchScreen_Generation = YES;
				INFOPLIST_KEY_UISupportedInterfaceOrientations_iPad = "UIInterfaceOrientationPortrait UIInterfaceOrientationPortraitUpsideDown UIInterfaceOrientationLandscapeLeft UIInterfaceOrientationLandscapeRight";
				INFOPLIST_KEY_UISupportedInterfaceOrientations_iPhone = "UIInterfaceOrientationPortrait UIInterfaceOrientationLandscapeLeft UIInterfaceOrientationLandscapeRight";
				LD_RUNPATH_SEARCH_PATHS = (
					"$(inherited)",
					"@executable_path/Frameworks",
				);
				MARKETING_VERSION = 1.0;
				PRODUCT_BUNDLE_IDENTIFIER = "shopnil-hasan.Slot-Machine";
				PRODUCT_NAME = "$(TARGET_NAME)";
				SWIFT_EMIT_LOC_STRINGS = YES;
				SWIFT_VERSION = 5.0;
				TARGETED_DEVICE_FAMILY = "1,2";
			};
			name = Debug;
		};
		B38C4F3D2C4D23F600B1B94A /* Release */ = {
			isa = XCBuildConfiguration;
			buildSettings = {
				ASSETCATALOG_COMPILER_APPICON_NAME = AppIcon;
				ASSETCATALOG_COMPILER_GLOBAL_ACCENT_COLOR_NAME = AccentColor;
				CODE_SIGN_STYLE = Automatic;
				CURRENT_PROJECT_VERSION = 1;
				DEVELOPMENT_ASSET_PATHS = "\"Slot Machine/Preview Content\"";
				DEVELOPMENT_TEAM = 9M2847JBF8;
				ENABLE_PREVIEWS = YES;
				GENERATE_INFOPLIST_FILE = YES;
				INFOPLIST_KEY_UIApplicationSceneManifest_Generation = YES;
				INFOPLIST_KEY_UIApplicationSupportsIndirectInputEvents = YES;
				INFOPLIST_KEY_UILaunchScreen_Generation = YES;
				INFOPLIST_KEY_UISupportedInterfaceOrientations_iPad = "UIInterfaceOrientationPortrait UIInterfaceOrientationPortraitUpsideDown UIInterfaceOrientationLandscapeLeft UIInterfaceOrientationLandscapeRight";
				INFOPLIST_KEY_UISupportedInterfaceOrientations_iPhone = "UIInterfaceOrientationPortrait UIInterfaceOrientationLandscapeLeft UIInterfaceOrientationLandscapeRight";
				LD_RUNPATH_SEARCH_PATHS = (
					"$(inherited)",
					"@executable_path/Frameworks",
				);
				MARKETING_VERSION = 1.0;
				PRODUCT_BUNDLE_IDENTIFIER = "shopnil-hasan.Slot-Machine";
				PRODUCT_NAME = "$(TARGET_NAME)";
				SWIFT_EMIT_LOC_STRINGS = YES;
				SWIFT_VERSION = 5.0;
				TARGETED_DEVICE_FAMILY = "1,2";
			};
			name = Release;
		};
/* End XCBuildConfiguration section */

/* Begin XCConfigurationList section */
		B38C4F282C4D23F500B1B94A /* Build configuration list for PBXProject "Slot Machine" */ = {
			isa = XCConfigurationList;
			buildConfigurations = (
				B38C4F392C4D23F600B1B94A /* Debug */,
				B38C4F3A2C4D23F600B1B94A /* Release */,
			);
			defaultConfigurationIsVisible = 0;
			defaultConfigurationName = Release;
		};
		B38C4F3B2C4D23F600B1B94A /* Build configuration list for PBXNativeTarget "Slot Machine" */ = {
			isa = XCConfigurationList;
			buildConfigurations = (
				B38C4F3C2C4D23F600B1B94A /* Debug */,
				B38C4F3D2C4D23F600B1B94A /* Release */,
			);
			defaultConfigurationIsVisible = 0;
			defaultConfigurationName = Release;
		};
/* End XCConfigurationList section */
	};
	rootObject = B38C4F252C4D23F500B1B94A /* Project object */;
}
